
Microsoft Visual Studio Solution File, Format Version 12.00
# Visual Studio Version 17
VisualStudioVersion = 17.3.32901.215
MinimumVisualStudioVersion = 10.0.40219.1
Project("{9A19103F-16F7-4668-BE54-9A1E7A4F7556}") = "Findpropertymain", "Findpropertymain\Findpropertymain.csproj", "{16A67009-233D-4629-AB8F-FDF74A6CCF08}"
EndProject
Project("{FAE04EC0-301F-11D3-BF4B-00C04F79EFBC}") = "FunctionApp1", "FunctionApp1\FunctionApp1.csproj", "{7909CBCC-19C0-4FCF-8773-5ED144F989C7}"
EndProject
Global
	GlobalSection(SolutionConfigurationPlatforms) = preSolution
		Debug|Any CPU = Debug|Any CPU
		Release|Any CPU = Release|Any CPU
	EndGlobalSection
	GlobalSection(ProjectConfigurationPlatforms) = postSolution
		{16A67009-233D-4629-AB8F-FDF74A6CCF08}.Debug|Any CPU.ActiveCfg = Debug|Any CPU
		{16A67009-233D-4629-AB8F-FDF74A6CCF08}.Debug|Any CPU.Build.0 = Debug|Any CPU
		{16A67009-233D-4629-AB8F-FDF74A6CCF08}.Release|Any CPU.ActiveCfg = Release|Any CPU
		{16A67009-233D-4629-AB8F-FDF74A6CCF08}.Release|Any CPU.Build.0 = Release|Any CPU
		{7909CBCC-19C0-4FCF-8773-5ED144F989C7}.Debug|Any CPU.ActiveCfg = Debug|Any CPU
		{7909CBCC-19C0-4FCF-8773-5ED144F989C7}.Debug|Any CPU.Build.0 = Debug|Any CPU
		{7909CBCC-19C0-4FCF-8773-5ED144F989C7}.Release|Any CPU.ActiveCfg = Release|Any CPU
		{7909CBCC-19C0-4FCF-8773-5ED144F989C7}.Release|Any CPU.Build.0 = Release|Any CPU
	EndGlobalSection
	GlobalSection(SolutionProperties) = preSolution
		HideSolutionNode = FALSE
	EndGlobalSection
	GlobalSection(ExtensibilityGlobals) = postSolution
		SolutionGuid = {9F5FFDFE-A14F-426A-9F4F-59234BA181FF}
	EndGlobalSection
EndGlobal
